
Microsoft Visual Studio Solution File, Format Version 12.00
Project("{2150E333-8FDC-42A3-9474-1A3956D46DE8}") = "Cross", "Cross", "{D26F7838-5DBE-4929-9C47-149A8331F2F5}"
EndProject
Project("{2150E333-8FDC-42A3-9474-1A3956D46DE8}") = "Projects", "Projects", "{BFD2C0DA-49D9-49BA-8DD0-865812C766A6}"
EndProject
Project("{2150E333-8FDC-42A3-9474-1A3956D46DE8}") = "Gateway", "Gateway", "{589DE238-8D3C-42DC-B6D4-9EE2207827E8}"
EndProject
Project("{2150E333-8FDC-42A3-9474-1A3956D46DE8}") = "Microservices", "Microservices", "{EC22BA4D-BFB5-43EF-911B-D82512448C03}"
EndProject
Project("{2150E333-8FDC-42A3-9474-1A3956D46DE8}") = "Security", "Security", "{18B13B28-BDF7-45AD-892A-120895DB4FAA}"
EndProject
Project("{2150E333-8FDC-42A3-9474-1A3956D46DE8}") = "Invoice", "Invoice", "{724F5D85-BD91-40F4-9789-E3DB770502CF}"
EndProject
Project("{2150E333-8FDC-42A3-9474-1A3956D46DE8}") = "Pay", "Pay", "{C1B36F8B-273F-4B1E-8162-04C1CBC77C6E}"
EndProject
Project("{2150E333-8FDC-42A3-9474-1A3956D46DE8}") = "Transaction", "Transaction", "{71329462-3571-499C-9FF8-5498F6CC20E7}"
EndProject
Global
	GlobalSection(SolutionConfigurationPlatforms) = preSolution
		Debug|Any CPU = Debug|Any CPU
		Release|Any CPU = Release|Any CPU
	EndGlobalSection
	GlobalSection(NestedProjects) = preSolution
		{589DE238-8D3C-42DC-B6D4-9EE2207827E8} = {BFD2C0DA-49D9-49BA-8DD0-865812C766A6}
		{EC22BA4D-BFB5-43EF-911B-D82512448C03} = {BFD2C0DA-49D9-49BA-8DD0-865812C766A6}
		{18B13B28-BDF7-45AD-892A-120895DB4FAA} = {EC22BA4D-BFB5-43EF-911B-D82512448C03}
		{724F5D85-BD91-40F4-9789-E3DB770502CF} = {EC22BA4D-BFB5-43EF-911B-D82512448C03}
		{C1B36F8B-273F-4B1E-8162-04C1CBC77C6E} = {EC22BA4D-BFB5-43EF-911B-D82512448C03}
		{71329462-3571-499C-9FF8-5498F6CC20E7} = {EC22BA4D-BFB5-43EF-911B-D82512448C03}
	EndGlobalSection
EndGlobal
