
Microsoft Visual Studio Solution File, Format Version 12.00
Project("{2150E333-8FDC-42A3-9474-1A3956D46DE8}") = "Cross", "Cross", "{D26F7838-5DBE-4929-9C47-149A8331F2F5}"
EndProject
Project("{2150E333-8FDC-42A3-9474-1A3956D46DE8}") = "Projects", "Projects", "{BFD2C0DA-49D9-49BA-8DD0-865812C766A6}"
EndProject
Project("{2150E333-8FDC-42A3-9474-1A3956D46DE8}") = "Gateway", "Gateway", "{589DE238-8D3C-42DC-B6D4-9EE2207827E8}"
EndProject
Project("{2150E333-8FDC-42A3-9474-1A3956D46DE8}") = "Microservices", "Microservices", "{EC22BA4D-BFB5-43EF-911B-D82512448C03}"
EndProject
Project("{2150E333-8FDC-42A3-9474-1A3956D46DE8}") = "Security", "Security", "{18B13B28-BDF7-45AD-892A-120895DB4FAA}"
EndProject
Project("{2150E333-8FDC-42A3-9474-1A3956D46DE8}") = "Invoice", "Invoice", "{724F5D85-BD91-40F4-9789-E3DB770502CF}"
EndProject
Project("{2150E333-8FDC-42A3-9474-1A3956D46DE8}") = "Pay", "Pay", "{C1B36F8B-273F-4B1E-8162-04C1CBC77C6E}"
EndProject
Project("{2150E333-8FDC-42A3-9474-1A3956D46DE8}") = "Transaction", "Transaction", "{71329462-3571-499C-9FF8-5498F6CC20E7}"
EndProject
Project("{FAE04EC0-301F-11D3-BF4B-00C04F79EFBC}") = "MS.AFORO255.Cross.Jwt", "MS.AFORO255.Cross.Jwt\MS.AFORO255.Cross.Jwt.csproj", "{E030EE03-3ED4-4F46-ACBE-66F249711DC7}"
EndProject
Project("{FAE04EC0-301F-11D3-BF4B-00C04F79EFBC}") = "AFORO255.MS.TEST.Security", "AFORO255.MS.TEST.Security\AFORO255.MS.TEST.Security.csproj", "{BE9E3C66-79D1-4858-B005-A5A8F9290653}"
EndProject
Project("{FAE04EC0-301F-11D3-BF4B-00C04F79EFBC}") = "AFORO255.MS.TEST.Transaction", "AFORO255.MS.TEST.Transaction\AFORO255.MS.TEST.Transaction.csproj", "{3B40BEA2-C2EF-4C1A-9455-E3A80B60AC25}"
EndProject
Project("{FAE04EC0-301F-11D3-BF4B-00C04F79EFBC}") = "AFORO255.MS.TEST.Pay", "AFORO255.MS.TEST.Pay\AFORO255.MS.TEST.Pay.csproj", "{1B4734C9-2C8A-46C1-8D93-8A48A15CEA91}"
EndProject
Project("{FAE04EC0-301F-11D3-BF4B-00C04F79EFBC}") = "AFORO255.MS.TEST.Invoice", "AFORO255.MS.TEST.Invoice\AFORO255.MS.TEST.Invoice.csproj", "{C487BF7A-03F1-4880-956A-7A1AE5335A59}"
EndProject
Project("{FAE04EC0-301F-11D3-BF4B-00C04F79EFBC}") = "MS.AFORO255.Cross.RabbitMQ", "MS.AFORO255.Cross.RabbitMQ\MS.AFORO255.Cross.RabbitMQ.csproj", "{8D93B307-43BA-4E81-A6EB-0B1B22BF89B1}"
EndProject
Project("{FAE04EC0-301F-11D3-BF4B-00C04F79EFBC}") = "AFORO255.MS.TEST.Gateway", "AFORO255.MS.TEST.Gateway\AFORO255.MS.TEST.Gateway.csproj", "{5E05B4BF-648C-411B-9CCE-A2109F5FB0FA}"
EndProject
Project("{FAE04EC0-301F-11D3-BF4B-00C04F79EFBC}") = "MS.AFORO255.Cross.Consul", "MS.AFORO255.Cross.Consul\MS.AFORO255.Cross.Consul.csproj", "{850DF1BB-2280-4A5A-9A59-10AC27010268}"
EndProject
Global
	GlobalSection(SolutionConfigurationPlatforms) = preSolution
		Debug|Any CPU = Debug|Any CPU
		Release|Any CPU = Release|Any CPU
	EndGlobalSection
	GlobalSection(NestedProjects) = preSolution
		{589DE238-8D3C-42DC-B6D4-9EE2207827E8} = {BFD2C0DA-49D9-49BA-8DD0-865812C766A6}
		{EC22BA4D-BFB5-43EF-911B-D82512448C03} = {BFD2C0DA-49D9-49BA-8DD0-865812C766A6}
		{18B13B28-BDF7-45AD-892A-120895DB4FAA} = {EC22BA4D-BFB5-43EF-911B-D82512448C03}
		{724F5D85-BD91-40F4-9789-E3DB770502CF} = {EC22BA4D-BFB5-43EF-911B-D82512448C03}
		{C1B36F8B-273F-4B1E-8162-04C1CBC77C6E} = {EC22BA4D-BFB5-43EF-911B-D82512448C03}
		{71329462-3571-499C-9FF8-5498F6CC20E7} = {EC22BA4D-BFB5-43EF-911B-D82512448C03}
		{E030EE03-3ED4-4F46-ACBE-66F249711DC7} = {D26F7838-5DBE-4929-9C47-149A8331F2F5}
		{BE9E3C66-79D1-4858-B005-A5A8F9290653} = {18B13B28-BDF7-45AD-892A-120895DB4FAA}
		{3B40BEA2-C2EF-4C1A-9455-E3A80B60AC25} = {71329462-3571-499C-9FF8-5498F6CC20E7}
		{1B4734C9-2C8A-46C1-8D93-8A48A15CEA91} = {C1B36F8B-273F-4B1E-8162-04C1CBC77C6E}
		{C487BF7A-03F1-4880-956A-7A1AE5335A59} = {724F5D85-BD91-40F4-9789-E3DB770502CF}
		{8D93B307-43BA-4E81-A6EB-0B1B22BF89B1} = {D26F7838-5DBE-4929-9C47-149A8331F2F5}
		{5E05B4BF-648C-411B-9CCE-A2109F5FB0FA} = {589DE238-8D3C-42DC-B6D4-9EE2207827E8}
		{850DF1BB-2280-4A5A-9A59-10AC27010268} = {D26F7838-5DBE-4929-9C47-149A8331F2F5}
	EndGlobalSection
	GlobalSection(ProjectConfigurationPlatforms) = postSolution
		{E030EE03-3ED4-4F46-ACBE-66F249711DC7}.Debug|Any CPU.ActiveCfg = Debug|Any CPU
		{E030EE03-3ED4-4F46-ACBE-66F249711DC7}.Debug|Any CPU.Build.0 = Debug|Any CPU
		{E030EE03-3ED4-4F46-ACBE-66F249711DC7}.Release|Any CPU.ActiveCfg = Release|Any CPU
		{E030EE03-3ED4-4F46-ACBE-66F249711DC7}.Release|Any CPU.Build.0 = Release|Any CPU
		{BE9E3C66-79D1-4858-B005-A5A8F9290653}.Debug|Any CPU.ActiveCfg = Debug|Any CPU
		{BE9E3C66-79D1-4858-B005-A5A8F9290653}.Debug|Any CPU.Build.0 = Debug|Any CPU
		{BE9E3C66-79D1-4858-B005-A5A8F9290653}.Release|Any CPU.ActiveCfg = Release|Any CPU
		{BE9E3C66-79D1-4858-B005-A5A8F9290653}.Release|Any CPU.Build.0 = Release|Any CPU
		{3B40BEA2-C2EF-4C1A-9455-E3A80B60AC25}.Debug|Any CPU.ActiveCfg = Debug|Any CPU
		{3B40BEA2-C2EF-4C1A-9455-E3A80B60AC25}.Debug|Any CPU.Build.0 = Debug|Any CPU
		{3B40BEA2-C2EF-4C1A-9455-E3A80B60AC25}.Release|Any CPU.ActiveCfg = Release|Any CPU
		{3B40BEA2-C2EF-4C1A-9455-E3A80B60AC25}.Release|Any CPU.Build.0 = Release|Any CPU
		{1B4734C9-2C8A-46C1-8D93-8A48A15CEA91}.Debug|Any CPU.ActiveCfg = Debug|Any CPU
		{1B4734C9-2C8A-46C1-8D93-8A48A15CEA91}.Debug|Any CPU.Build.0 = Debug|Any CPU
		{1B4734C9-2C8A-46C1-8D93-8A48A15CEA91}.Release|Any CPU.ActiveCfg = Release|Any CPU
		{1B4734C9-2C8A-46C1-8D93-8A48A15CEA91}.Release|Any CPU.Build.0 = Release|Any CPU
		{C487BF7A-03F1-4880-956A-7A1AE5335A59}.Debug|Any CPU.ActiveCfg = Debug|Any CPU
		{C487BF7A-03F1-4880-956A-7A1AE5335A59}.Debug|Any CPU.Build.0 = Debug|Any CPU
		{C487BF7A-03F1-4880-956A-7A1AE5335A59}.Release|Any CPU.ActiveCfg = Release|Any CPU
		{C487BF7A-03F1-4880-956A-7A1AE5335A59}.Release|Any CPU.Build.0 = Release|Any CPU
		{8D93B307-43BA-4E81-A6EB-0B1B22BF89B1}.Debug|Any CPU.ActiveCfg = Debug|Any CPU
		{8D93B307-43BA-4E81-A6EB-0B1B22BF89B1}.Debug|Any CPU.Build.0 = Debug|Any CPU
		{8D93B307-43BA-4E81-A6EB-0B1B22BF89B1}.Release|Any CPU.ActiveCfg = Release|Any CPU
		{8D93B307-43BA-4E81-A6EB-0B1B22BF89B1}.Release|Any CPU.Build.0 = Release|Any CPU
		{5E05B4BF-648C-411B-9CCE-A2109F5FB0FA}.Debug|Any CPU.ActiveCfg = Debug|Any CPU
		{5E05B4BF-648C-411B-9CCE-A2109F5FB0FA}.Debug|Any CPU.Build.0 = Debug|Any CPU
		{5E05B4BF-648C-411B-9CCE-A2109F5FB0FA}.Release|Any CPU.ActiveCfg = Release|Any CPU
		{5E05B4BF-648C-411B-9CCE-A2109F5FB0FA}.Release|Any CPU.Build.0 = Release|Any CPU
		{850DF1BB-2280-4A5A-9A59-10AC27010268}.Debug|Any CPU.ActiveCfg = Debug|Any CPU
		{850DF1BB-2280-4A5A-9A59-10AC27010268}.Debug|Any CPU.Build.0 = Debug|Any CPU
		{850DF1BB-2280-4A5A-9A59-10AC27010268}.Release|Any CPU.ActiveCfg = Release|Any CPU
		{850DF1BB-2280-4A5A-9A59-10AC27010268}.Release|Any CPU.Build.0 = Release|Any CPU
	EndGlobalSection
EndGlobal
